// !$*UTF8*$!
{
	archiveVersion = 1;
	classes = {
	};
	objectVersion = 46;
	objects = {

/* Begin PBXBuildFile section */
		843DADCA1E6EF1C50089127C /* AppDelegate.swift in Sources */ = {isa = PBXBuildFile; fileRef = 843DADC91E6EF1C50089127C /* AppDelegate.swift */; };
		843DADCF1E6EF1C50089127C /* Main.storyboard in Resources */ = {isa = PBXBuildFile; fileRef = 843DADCD1E6EF1C50089127C /* Main.storyboard */; };
		843DADD11E6EF1C50089127C /* Assets.xcassets in Resources */ = {isa = PBXBuildFile; fileRef = 843DADD01E6EF1C50089127C /* Assets.xcassets */; };
		843DADD41E6EF1C50089127C /* LaunchScreen.storyboard in Resources */ = {isa = PBXBuildFile; fileRef = 843DADD21E6EF1C50089127C /* LaunchScreen.storyboard */; };
		843DADDD1E6EF3A40089127C /* TableViewController.swift in Sources */ = {isa = PBXBuildFile; fileRef = 843DADDC1E6EF3A40089127C /* TableViewController.swift */; };
		843DADDF1E6EF4B90089127C /* BaseViewController.swift in Sources */ = {isa = PBXBuildFile; fileRef = 843DADDE1E6EF4B90089127C /* BaseViewController.swift */; };
		843DADE31E6F0B7C0089127C /* CodeViewController.swift in Sources */ = {isa = PBXBuildFile; fileRef = 843DADE21E6F0B7C0089127C /* CodeViewController.swift */; };
		843DADE51E6F94FA0089127C /* StoryboardViewController.swift in Sources */ = {isa = PBXBuildFile; fileRef = 843DADE41E6F94FA0089127C /* StoryboardViewController.swift */; };
		843DADE71E7045550089127C /* LoopViewController.swift in Sources */ = {isa = PBXBuildFile; fileRef = 843DADE61E7045550089127C /* LoopViewController.swift */; };
		843DADEB1E70E5090089127C /* CodeView.swift in Sources */ = {isa = PBXBuildFile; fileRef = 843DADEA1E70E5090089127C /* CodeView.swift */; };
		843DADED1E70E51E0089127C /* StoryboardView.swift in Sources */ = {isa = PBXBuildFile; fileRef = 843DADEC1E70E51E0089127C /* StoryboardView.swift */; };
		843DADEF1E70E55A0089127C /* BaseView.swift in Sources */ = {isa = PBXBuildFile; fileRef = 843DADEE1E70E55A0089127C /* BaseView.swift */; };
		843DADF11E70EA410089127C /* ViewTestViewController.swift in Sources */ = {isa = PBXBuildFile; fileRef = 843DADF01E70EA410089127C /* ViewTestViewController.swift */; };
/* End PBXBuildFile section */

/* Begin PBXFileReference section */
		843DADC61E6EF1C50089127C /* UIViewController-UIView-LifecycleDemo.app */ = {isa = PBXFileReference; explicitFileType = wrapper.application; includeInIndex = 0; path = "UIViewController-UIView-LifecycleDemo.app"; sourceTree = BUILT_PRODUCTS_DIR; };
		843DADC91E6EF1C50089127C /* AppDelegate.swift */ = {isa = PBXFileReference; lastKnownFileType = sourcecode.swift; path = AppDelegate.swift; sourceTree = "<group>"; };
		843DADCE1E6EF1C50089127C /* Base */ = {isa = PBXFileReference; lastKnownFileType = file.storyboard; name = Base; path = Base.lproj/Main.storyboard; sourceTree = "<group>"; };
		843DADD01E6EF1C50089127C /* Assets.xcassets */ = {isa = PBXFileReference; lastKnownFileType = folder.assetcatalog; path = Assets.xcassets; sourceTree = "<group>"; };
		843DADD31E6EF1C50089127C /* Base */ = {isa = PBXFileReference; lastKnownFileType = file.storyboard; name = Base; path = Base.lproj/LaunchScreen.storyboard; sourceTree = "<group>"; };
		843DADD51E6EF1C50089127C /* Info.plist */ = {isa = PBXFileReference; lastKnownFileType = text.plist.xml; path = Info.plist; sourceTree = "<group>"; };
		843DADDC1E6EF3A40089127C /* TableViewController.swift */ = {isa = PBXFileReference; fileEncoding = 4; lastKnownFileType = sourcecode.swift; path = TableViewController.swift; sourceTree = "<group>"; };
		843DADDE1E6EF4B90089127C /* BaseViewController.swift */ = {isa = PBXFileReference; fileEncoding = 4; lastKnownFileType = sourcecode.swift; path = BaseViewController.swift; sourceTree = "<group>"; };
		843DADE21E6F0B7C0089127C /* CodeViewController.swift */ = {isa = PBXFileReference; fileEncoding = 4; lastKnownFileType = sourcecode.swift; path = CodeViewController.swift; sourceTree = "<group>"; };
		843DADE41E6F94FA0089127C /* StoryboardViewController.swift */ = {isa = PBXFileReference; fileEncoding = 4; lastKnownFileType = sourcecode.swift; path = StoryboardViewController.swift; sourceTree = "<group>"; };
		843DADE61E7045550089127C /* LoopViewController.swift */ = {isa = PBXFileReference; fileEncoding = 4; lastKnownFileType = sourcecode.swift; path = LoopViewController.swift; sourceTree = "<group>"; };
		843DADEA1E70E5090089127C /* CodeView.swift */ = {isa = PBXFileReference; fileEncoding = 4; lastKnownFileType = sourcecode.swift; path = CodeView.swift; sourceTree = "<group>"; };
		843DADEC1E70E51E0089127C /* StoryboardView.swift */ = {isa = PBXFileReference; fileEncoding = 4; lastKnownFileType = sourcecode.swift; path = StoryboardView.swift; sourceTree = "<group>"; };
		843DADEE1E70E55A0089127C /* BaseView.swift */ = {isa = PBXFileReference; fileEncoding = 4; lastKnownFileType = sourcecode.swift; path = BaseView.swift; sourceTree = "<group>"; };
		843DADF01E70EA410089127C /* ViewTestViewController.swift */ = {isa = PBXFileReference; fileEncoding = 4; lastKnownFileType = sourcecode.swift; path = ViewTestViewController.swift; sourceTree = "<group>"; };
/* End PBXFileReference section */

/* Begin PBXFrameworksBuildPhase section */
		843DADC31E6EF1C50089127C /* Frameworks */ = {
			isa = PBXFrameworksBuildPhase;
			buildActionMask = 2147483647;
			files = (
			);
			runOnlyForDeploymentPostprocessing = 0;
		};
/* End PBXFrameworksBuildPhase section */

/* Begin PBXGroup section */
		843DADBD1E6EF1C50089127C = {
			isa = PBXGroup;
			children = (
				843DADC81E6EF1C50089127C /* UIViewController-UIView-LifecycleDemo */,
				843DADC71E6EF1C50089127C /* Products */,
			);
			sourceTree = "<group>";
		};
		843DADC71E6EF1C50089127C /* Products */ = {
			isa = PBXGroup;
			children = (
				843DADC61E6EF1C50089127C /* UIViewController-UIView-LifecycleDemo.app */,
			);
			name = Products;
			sourceTree = "<group>";
		};
		843DADC81E6EF1C50089127C /* UIViewController-UIView-LifecycleDemo */ = {
			isa = PBXGroup;
			children = (
				843DADE91E70E4DF0089127C /* View */,
				843DADE81E70E4CC0089127C /* Controller */,
				843DADCD1E6EF1C50089127C /* Main.storyboard */,
				843DADDB1E6EF3120089127C /* Supporting Files */,
			);
			path = "UIViewController-UIView-LifecycleDemo";
			sourceTree = "<group>";
		};
		843DADDB1E6EF3120089127C /* Supporting Files */ = {
			isa = PBXGroup;
			children = (
				843DADC91E6EF1C50089127C /* AppDelegate.swift */,
				843DADD01E6EF1C50089127C /* Assets.xcassets */,
				843DADD21E6EF1C50089127C /* LaunchScreen.storyboard */,
				843DADD51E6EF1C50089127C /* Info.plist */,
			);
			name = "Supporting Files";
			sourceTree = "<group>";
		};
		843DADE81E70E4CC0089127C /* Controller */ = {
			isa = PBXGroup;
			children = (
				843DADDE1E6EF4B90089127C /* BaseViewController.swift */,
				843DADE21E6F0B7C0089127C /* CodeViewController.swift */,
				843DADE41E6F94FA0089127C /* StoryboardViewController.swift */,
				843DADE61E7045550089127C /* LoopViewController.swift */,
				843DADDC1E6EF3A40089127C /* TableViewController.swift */,
				843DADF01E70EA410089127C /* ViewTestViewController.swift */,
			);
			name = Controller;
			sourceTree = "<group>";
		};
		843DADE91E70E4DF0089127C /* View */ = {
			isa = PBXGroup;
			children = (
				843DADEE1E70E55A0089127C /* BaseView.swift */,
				843DADEA1E70E5090089127C /* CodeView.swift */,
				843DADEC1E70E51E0089127C /* StoryboardView.swift */,
			);
			name = View;
			sourceTree = "<group>";
		};
/* End PBXGroup section */

/* Begin PBXNativeTarget section */
		843DADC51E6EF1C50089127C /* UIViewController-UIView-LifecycleDemo */ = {
			isa = PBXNativeTarget;
			buildConfigurationList = 843DADD81E6EF1C50089127C /* Build configuration list for PBXNativeTarget "UIViewController-UIView-LifecycleDemo" */;
			buildPhases = (
				843DADC21E6EF1C50089127C /* Sources */,
				843DADC31E6EF1C50089127C /* Frameworks */,
				843DADC41E6EF1C50089127C /* Resources */,
			);
			buildRules = (
			);
			dependencies = (
			);
			name = "UIViewController-UIView-LifecycleDemo";
			productName = "UIViewController-UIView-LifecycleDemo";
			productReference = 843DADC61E6EF1C50089127C /* UIViewController-UIView-LifecycleDemo.app */;
			productType = "com.apple.product-type.application";
		};
/* End PBXNativeTarget section */

/* Begin PBXProject section */
		843DADBE1E6EF1C50089127C /* Project object */ = {
			isa = PBXProject;
			attributes = {
				LastSwiftUpdateCheck = 0820;
				LastUpgradeCheck = 0820;
				ORGANIZATIONNAME = "买明";
				TargetAttributes = {
					843DADC51E6EF1C50089127C = {
						CreatedOnToolsVersion = 8.2.1;
						DevelopmentTeam = LEG7CXMPKJ;
						ProvisioningStyle = Automatic;
					};
				};
			};
			buildConfigurationList = 843DADC11E6EF1C50089127C /* Build configuration list for PBXProject "UIViewController-UIView-LifecycleDemo" */;
			compatibilityVersion = "Xcode 3.2";
			developmentRegion = English;
			hasScannedForEncodings = 0;
			knownRegions = (
				en,
				Base,
			);
			mainGroup = 843DADBD1E6EF1C50089127C;
			productRefGroup = 843DADC71E6EF1C50089127C /* Products */;
			projectDirPath = "";
			projectRoot = "";
			targets = (
				843DADC51E6EF1C50089127C /* UIViewController-UIView-LifecycleDemo */,
			);
		};
/* End PBXProject section */

/* Begin PBXResourcesBuildPhase section */
		843DADC41E6EF1C50089127C /* Resources */ = {
			isa = PBXResourcesBuildPhase;
			buildActionMask = 2147483647;
			files = (
				843DADD41E6EF1C50089127C /* LaunchScreen.storyboard in Resources */,
				843DADD11E6EF1C50089127C /* Assets.xcassets in Resources */,
				843DADCF1E6EF1C50089127C /* Main.storyboard in Resources */,
			);
			runOnlyForDeploymentPostprocessing = 0;
		};
/* End PBXResourcesBuildPhase section */

/* Begin PBXSourcesBuildPhase section */
		843DADC21E6EF1C50089127C /* Sources */ = {
			isa = PBXSourcesBuildPhase;
			buildActionMask = 2147483647;
			files = (
				843DADE31E6F0B7C0089127C /* CodeViewController.swift in Sources */,
				843DADE51E6F94FA0089127C /* StoryboardViewController.swift in Sources */,
				843DADE71E7045550089127C /* LoopViewController.swift in Sources */,
				843DADF11E70EA410089127C /* ViewTestViewController.swift in Sources */,
				843DADED1E70E51E0089127C /* StoryboardView.swift in Sources */,
				843DADCA1E6EF1C50089127C /* AppDelegate.swift in Sources */,
				843DADDF1E6EF4B90089127C /* BaseViewController.swift in Sources */,
				843DADEF1E70E55A0089127C /* BaseView.swift in Sources */,
				843DADDD1E6EF3A40089127C /* TableViewController.swift in Sources */,
				843DADEB1E70E5090089127C /* CodeView.swift in Sources */,
			);
			runOnlyForDeploymentPostprocessing = 0;
		};
/* End PBXSourcesBuildPhase section */

/* Begin PBXVariantGroup section */
		843DADCD1E6EF1C50089127C /* Main.storyboard */ = {
			isa = PBXVariantGroup;
			children = (
				843DADCE1E6EF1C50089127C /* Base */,
			);
			name = Main.storyboard;
			sourceTree = "<group>";
		};
		843DADD21E6EF1C50089127C /* LaunchScreen.storyboard */ = {
			isa = PBXVariantGroup;
			children = (
				843DADD31E6EF1C50089127C /* Base */,
			);
			name = LaunchScreen.storyboard;
			sourceTree = "<group>";
		};
/* End PBXVariantGroup section */

/* Begin XCBuildConfiguration section */
		843DADD61E6EF1C50089127C /* Debug */ = {
			isa = XCBuildConfiguration;
			buildSettings = {
				ALWAYS_SEARCH_USER_PATHS = NO;
				CLANG_ANALYZER_NONNULL = YES;
				CLANG_CXX_LANGUAGE_STANDARD = "gnu++0x";
				CLANG_CXX_LIBRARY = "libc++";
				CLANG_ENABLE_MODULES = YES;
				CLANG_ENABLE_OBJC_ARC = YES;
				CLANG_WARN_BOOL_CONVERSION = YES;
				CLANG_WARN_CONSTANT_CONVERSION = YES;
				CLANG_WARN_DIRECT_OBJC_ISA_USAGE = YES_ERROR;
				CLANG_WARN_DOCUMENTATION_COMMENTS = YES;
				CLANG_WARN_EMPTY_BODY = YES;
				CLANG_WARN_ENUM_CONVERSION = YES;
				CLANG_WARN_INFINITE_RECURSION = YES;
				CLANG_WARN_INT_CONVERSION = YES;
				CLANG_WARN_OBJC_ROOT_CLASS = YES_ERROR;
				CLANG_WARN_SUSPICIOUS_MOVE = YES;
				CLANG_WARN_UNREACHABLE_CODE = YES;
				CLANG_WARN__DUPLICATE_METHOD_MATCH = YES;
				"CODE_SIGN_IDENTITY[sdk=iphoneos*]" = "iPhone Developer";
				COPY_PHASE_STRIP = NO;
				DEBUG_INFORMATION_FORMAT = dwarf;
				ENABLE_STRICT_OBJC_MSGSEND = YES;
				ENABLE_TESTABILITY = YES;
				GCC_C_LANGUAGE_STANDARD = gnu99;
				GCC_DYNAMIC_NO_PIC = NO;
				GCC_NO_COMMON_BLOCKS = YES;
				GCC_OPTIMIZATION_LEVEL = 0;
				GCC_PREPROCESSOR_DEFINITIONS = (
					"DEBUG=1",
					"$(inherited)",
				);
				GCC_WARN_64_TO_32_BIT_CONVERSION = YES;
				GCC_WARN_ABOUT_RETURN_TYPE = YES_ERROR;
				GCC_WARN_UNDECLARED_SELECTOR = YES;
				GCC_WARN_UNINITIALIZED_AUTOS = YES_AGGRESSIVE;
				GCC_WARN_UNUSED_FUNCTION = YES;
				GCC_WARN_UNUSED_VARIABLE = YES;
				IPHONEOS_DEPLOYMENT_TARGET = 10.2;
				MTL_ENABLE_DEBUG_INFO = YES;
				ONLY_ACTIVE_ARCH = YES;
				SDKROOT = iphoneos;
				SWIFT_ACTIVE_COMPILATION_CONDITIONS = DEBUG;
				SWIFT_OPTIMIZATION_LEVEL = "-Onone";
				TARGETED_DEVICE_FAMILY = "1,2";
			};
			name = Debug;
		};
		843DADD71E6EF1C50089127C /* Release */ = {
			isa = XCBuildConfiguration;
			buildSettings = {
				ALWAYS_SEARCH_USER_PATHS = NO;
				CLANG_ANALYZER_NONNULL = YES;
				CLANG_CXX_LANGUAGE_STANDARD = "gnu++0x";
				CLANG_CXX_LIBRARY = "libc++";
				CLANG_ENABLE_MODULES = YES;
				CLANG_ENABLE_OBJC_ARC = YES;
				CLANG_WARN_BOOL_CONVERSION = YES;
				CLANG_WARN_CONSTANT_CONVERSION = YES;
				CLANG_WARN_DIRECT_OBJC_ISA_USAGE = YES_ERROR;
				CLANG_WARN_DOCUMENTATION_COMMENTS = YES;
				CLANG_WARN_EMPTY_BODY = YES;
				CLANG_WARN_ENUM_CONVERSION = YES;
				CLANG_WARN_INFINITE_RECURSION = YES;
				CLANG_WARN_INT_CONVERSION = YES;
				CLANG_WARN_OBJC_ROOT_CLASS = YES_ERROR;
				CLANG_WARN_SUSPICIOUS_MOVE = YES;
				CLANG_WARN_UNREACHABLE_CODE = YES;
				CLANG_WARN__DUPLICATE_METHOD_MATCH = YES;
				"CODE_SIGN_IDENTITY[sdk=iphoneos*]" = "iPhone Developer";
				COPY_PHASE_STRIP = NO;
				DEBUG_INFORMATION_FORMAT = "dwarf-with-dsym";
				ENABLE_NS_ASSERTIONS = NO;
				ENABLE_STRICT_OBJC_MSGSEND = YES;
				GCC_C_LANGUAGE_STANDARD = gnu99;
				GCC_NO_COMMON_BLOCKS = YES;
				GCC_WARN_64_TO_32_BIT_CONVERSION = YES;
				GCC_WARN_ABOUT_RETURN_TYPE = YES_ERROR;
				GCC_WARN_UNDECLARED_SELECTOR = YES;
				GCC_WARN_UNINITIALIZED_AUTOS = YES_AGGRESSIVE;
				GCC_WARN_UNUSED_FUNCTION = YES;
				GCC_WARN_UNUSED_VARIABLE = YES;
				IPHONEOS_DEPLOYMENT_TARGET = 10.2;
				MTL_ENABLE_DEBUG_INFO = NO;
				SDKROOT = iphoneos;
				SWIFT_OPTIMIZATION_LEVEL = "-Owholemodule";
				TARGETED_DEVICE_FAMILY = "1,2";
				VALIDATE_PRODUCT = YES;
			};
			name = Release;
		};
		843DADD91E6EF1C50089127C /* Debug */ = {
			isa = XCBuildConfiguration;
			buildSettings = {
				ASSETCATALOG_COMPILER_APPICON_NAME = AppIcon;
				DEVELOPMENT_TEAM = LEG7CXMPKJ;
				INFOPLIST_FILE = "UIViewController-UIView-LifecycleDemo/Info.plist";
				LD_RUNPATH_SEARCH_PATHS = "$(inherited) @executable_path/Frameworks";
				PRODUCT_BUNDLE_IDENTIFIER = "com.maimieng.UIViewController-UIView-LifecycleDemo";
				PRODUCT_NAME = "$(TARGET_NAME)";
				SWIFT_VERSION = 3.0;
			};
			name = Debug;
		};
		843DADDA1E6EF1C50089127C /* Release */ = {
			isa = XCBuildConfiguration;
			buildSettings = {
				ASSETCATALOG_COMPILER_APPICON_NAME = AppIcon;
				DEVELOPMENT_TEAM = LEG7CXMPKJ;
				INFOPLIST_FILE = "UIViewController-UIView-LifecycleDemo/Info.plist";
				LD_RUNPATH_SEARCH_PATHS = "$(inherited) @executable_path/Frameworks";
				PRODUCT_BUNDLE_IDENTIFIER = "com.maimieng.UIViewController-UIView-LifecycleDemo";
				PRODUCT_NAME = "$(TARGET_NAME)";
				SWIFT_VERSION = 3.0;
			};
			name = Release;
		};
/* End XCBuildConfiguration section */

/* Begin XCConfigurationList section */
		843DADC11E6EF1C50089127C /* Build configuration list for PBXProject "UIViewController-UIView-LifecycleDemo" */ = {
			isa = XCConfigurationList;
			buildConfigurations = (
				843DADD61E6EF1C50089127C /* Debug */,
				843DADD71E6EF1C50089127C /* Release */,
			);
			defaultConfigurationIsVisible = 0;
			defaultConfigurationName = Release;
		};
		843DADD81E6EF1C50089127C /* Build configuration list for PBXNativeTarget "UIViewController-UIView-LifecycleDemo" */ = {
			isa = XCConfigurationList;
			buildConfigurations = (
				843DADD91E6EF1C50089127C /* Debug */,
				843DADDA1E6EF1C50089127C /* Release */,
			);
			defaultConfigurationIsVisible = 0;
			defaultConfigurationName = Release;
		};
/* End XCConfigurationList section */
	};
	rootObject = 843DADBE1E6EF1C50089127C /* Project object */;
}
